
Microsoft Visual Studio Solution File, Format Version 12.00
# Visual Studio 15
VisualStudioVersion = 15.0.28010.2046
MinimumVisualStudioVersion = 10.0.40219.1
Project("{FAE04EC0-301F-11D3-BF4B-00C04F79EFBC}") = "GCLab10CirclesCircumference", "GCLab10CirclesCircumference\GCLab10CirclesCircumference.csproj", "{D1CE5D8C-6047-48DF-A6DD-3BF408F4986D}"
EndProject
Global
	GlobalSection(SolutionConfigurationPlatforms) = preSolution
		Debug|Any CPU = Debug|Any CPU
		Release|Any CPU = Release|Any CPU
	EndGlobalSection
	GlobalSection(ProjectConfigurationPlatforms) = postSolution
		{D1CE5D8C-6047-48DF-A6DD-3BF408F4986D}.Debug|Any CPU.ActiveCfg = Debug|Any CPU
		{D1CE5D8C-6047-48DF-A6DD-3BF408F4986D}.Debug|Any CPU.Build.0 = Debug|Any CPU
		{D1CE5D8C-6047-48DF-A6DD-3BF408F4986D}.Release|Any CPU.ActiveCfg = Release|Any CPU
		{D1CE5D8C-6047-48DF-A6DD-3BF408F4986D}.Release|Any CPU.Build.0 = Release|Any CPU
	EndGlobalSection
	GlobalSection(SolutionProperties) = preSolution
		HideSolutionNode = FALSE
	EndGlobalSection
	GlobalSection(ExtensibilityGlobals) = postSolution
		SolutionGuid = {E151206F-86CF-4CB6-8F74-8BC0AD2A1E1B}
	EndGlobalSection
EndGlobal
